// !$*UTF8*$!
{
	archiveVersion = 1;
	classes = {
	};
	objectVersion = 48;
	objects = {

/* Begin PBXBuildFile section */
		8F06182B204EC7A100FB1DBC /* AppDelegate.swift in Sources */ = {isa = PBXBuildFile; fileRef = 8F06182A204EC7A100FB1DBC /* AppDelegate.swift */; };
		8F061830204EC7A100FB1DBC /* Main.storyboard in Resources */ = {isa = PBXBuildFile; fileRef = 8F06182E204EC7A100FB1DBC /* Main.storyboard */; };
		8F061832204EC7A100FB1DBC /* Assets.xcassets in Resources */ = {isa = PBXBuildFile; fileRef = 8F061831204EC7A100FB1DBC /* Assets.xcassets */; };
		8F061835204EC7A100FB1DBC /* LaunchScreen.storyboard in Resources */ = {isa = PBXBuildFile; fileRef = 8F061833204EC7A100FB1DBC /* LaunchScreen.storyboard */; };
		8F061840204EC7A100FB1DBC /* Test00008Tests.swift in Sources */ = {isa = PBXBuildFile; fileRef = 8F06183F204EC7A100FB1DBC /* Test00008Tests.swift */; };
		8F06184B204EC7A200FB1DBC /* Test00008UITests.swift in Sources */ = {isa = PBXBuildFile; fileRef = 8F06184A204EC7A200FB1DBC /* Test00008UITests.swift */; };
		8FAD6933204ECB2E00E96A1A /* DBFilesPresenterViewController.swift in Sources */ = {isa = PBXBuildFile; fileRef = 8FAD6932204ECB2E00E96A1A /* DBFilesPresenterViewController.swift */; };
		8FAD6936204ECC9D00E96A1A /* LICENSE in Resources */ = {isa = PBXBuildFile; fileRef = 8FAD6935204ECC9D00E96A1A /* LICENSE */; };
		8FE1288D204EC82E00A8AE50 /* DetailDBFileDownloaderViewController.swift in Sources */ = {isa = PBXBuildFile; fileRef = 8FE1288B204EC82E00A8AE50 /* DetailDBFileDownloaderViewController.swift */; };
		8FF4B34A2051211C005007B3 /* MZDownloadManager.swift in Sources */ = {isa = PBXBuildFile; fileRef = 8FF4B3472051211C005007B3 /* MZDownloadManager.swift */; };
		8FF4B34B2051211C005007B3 /* MZDownloadModel.swift in Sources */ = {isa = PBXBuildFile; fileRef = 8FF4B3482051211C005007B3 /* MZDownloadModel.swift */; };
		8FF4B34C2051211C005007B3 /* MZUtility.swift in Sources */ = {isa = PBXBuildFile; fileRef = 8FF4B3492051211C005007B3 /* MZUtility.swift */; };
/* End PBXBuildFile section */

/* Begin PBXContainerItemProxy section */
		8F06183C204EC7A100FB1DBC /* PBXContainerItemProxy */ = {
			isa = PBXContainerItemProxy;
			containerPortal = 8F06181F204EC7A100FB1DBC /* Project object */;
			proxyType = 1;
			remoteGlobalIDString = 8F061826204EC7A100FB1DBC;
			remoteInfo = Test00008;
		};
		8F061847204EC7A100FB1DBC /* PBXContainerItemProxy */ = {
			isa = PBXContainerItemProxy;
			containerPortal = 8F06181F204EC7A100FB1DBC /* Project object */;
			proxyType = 1;
			remoteGlobalIDString = 8F061826204EC7A100FB1DBC;
			remoteInfo = Test00008;
		};
/* End PBXContainerItemProxy section */

/* Begin PBXFileReference section */
		8F061827204EC7A100FB1DBC /* Test00008.app */ = {isa = PBXFileReference; explicitFileType = wrapper.application; includeInIndex = 0; path = Test00008.app; sourceTree = BUILT_PRODUCTS_DIR; };
		8F06182A204EC7A100FB1DBC /* AppDelegate.swift */ = {isa = PBXFileReference; lastKnownFileType = sourcecode.swift; path = AppDelegate.swift; sourceTree = "<group>"; };
		8F06182F204EC7A100FB1DBC /* Base */ = {isa = PBXFileReference; lastKnownFileType = file.storyboard; name = Base; path = Base.lproj/Main.storyboard; sourceTree = "<group>"; };
		8F061831204EC7A100FB1DBC /* Assets.xcassets */ = {isa = PBXFileReference; lastKnownFileType = folder.assetcatalog; path = Assets.xcassets; sourceTree = "<group>"; };
		8F061834204EC7A100FB1DBC /* Base */ = {isa = PBXFileReference; lastKnownFileType = file.storyboard; name = Base; path = Base.lproj/LaunchScreen.storyboard; sourceTree = "<group>"; };
		8F061836204EC7A100FB1DBC /* Info.plist */ = {isa = PBXFileReference; lastKnownFileType = text.plist.xml; path = Info.plist; sourceTree = "<group>"; };
		8F06183B204EC7A100FB1DBC /* Test00008Tests.xctest */ = {isa = PBXFileReference; explicitFileType = wrapper.cfbundle; includeInIndex = 0; path = Test00008Tests.xctest; sourceTree = BUILT_PRODUCTS_DIR; };
		8F06183F204EC7A100FB1DBC /* Test00008Tests.swift */ = {isa = PBXFileReference; lastKnownFileType = sourcecode.swift; path = Test00008Tests.swift; sourceTree = "<group>"; };
		8F061841204EC7A100FB1DBC /* Info.plist */ = {isa = PBXFileReference; lastKnownFileType = text.plist.xml; path = Info.plist; sourceTree = "<group>"; };
		8F061846204EC7A100FB1DBC /* Test00008UITests.xctest */ = {isa = PBXFileReference; explicitFileType = wrapper.cfbundle; includeInIndex = 0; path = Test00008UITests.xctest; sourceTree = BUILT_PRODUCTS_DIR; };
		8F06184A204EC7A200FB1DBC /* Test00008UITests.swift */ = {isa = PBXFileReference; lastKnownFileType = sourcecode.swift; path = Test00008UITests.swift; sourceTree = "<group>"; };
		8F06184C204EC7A200FB1DBC /* Info.plist */ = {isa = PBXFileReference; lastKnownFileType = text.plist.xml; path = Info.plist; sourceTree = "<group>"; };
		8FAD6932204ECB2E00E96A1A /* DBFilesPresenterViewController.swift */ = {isa = PBXFileReference; fileEncoding = 4; lastKnownFileType = sourcecode.swift; path = DBFilesPresenterViewController.swift; sourceTree = "<group>"; };
		8FAD6935204ECC9D00E96A1A /* LICENSE */ = {isa = PBXFileReference; fileEncoding = 4; lastKnownFileType = text; path = LICENSE; sourceTree = "<group>"; };
		8FE1288B204EC82E00A8AE50 /* DetailDBFileDownloaderViewController.swift */ = {isa = PBXFileReference; fileEncoding = 4; lastKnownFileType = sourcecode.swift; path = DetailDBFileDownloaderViewController.swift; sourceTree = "<group>"; };
		8FF4B3472051211C005007B3 /* MZDownloadManager.swift */ = {isa = PBXFileReference; fileEncoding = 4; lastKnownFileType = sourcecode.swift; path = MZDownloadManager.swift; sourceTree = "<group>"; };
		8FF4B3482051211C005007B3 /* MZDownloadModel.swift */ = {isa = PBXFileReference; fileEncoding = 4; lastKnownFileType = sourcecode.swift; path = MZDownloadModel.swift; sourceTree = "<group>"; };
		8FF4B3492051211C005007B3 /* MZUtility.swift */ = {isa = PBXFileReference; fileEncoding = 4; lastKnownFileType = sourcecode.swift; path = MZUtility.swift; sourceTree = "<group>"; };
/* End PBXFileReference section */

/* Begin PBXFrameworksBuildPhase section */
		8F061824204EC7A100FB1DBC /* Frameworks */ = {
			isa = PBXFrameworksBuildPhase;
			buildActionMask = 2147483647;
			files = (
			);
			runOnlyForDeploymentPostprocessing = 0;
		};
		8F061838204EC7A100FB1DBC /* Frameworks */ = {
			isa = PBXFrameworksBuildPhase;
			buildActionMask = 2147483647;
			files = (
			);
			runOnlyForDeploymentPostprocessing = 0;
		};
		8F061843204EC7A100FB1DBC /* Frameworks */ = {
			isa = PBXFrameworksBuildPhase;
			buildActionMask = 2147483647;
			files = (
			);
			runOnlyForDeploymentPostprocessing = 0;
		};
/* End PBXFrameworksBuildPhase section */

/* Begin PBXGroup section */
		8F06181E204EC7A100FB1DBC = {
			isa = PBXGroup;
			children = (
				8F061829204EC7A100FB1DBC /* Test00008 */,
				8F06183E204EC7A100FB1DBC /* Test00008Tests */,
				8F061849204EC7A200FB1DBC /* Test00008UITests */,
				8F061828204EC7A100FB1DBC /* Products */,
			);
			sourceTree = "<group>";
		};
		8F061828204EC7A100FB1DBC /* Products */ = {
			isa = PBXGroup;
			children = (
				8F061827204EC7A100FB1DBC /* Test00008.app */,
				8F06183B204EC7A100FB1DBC /* Test00008Tests.xctest */,
				8F061846204EC7A100FB1DBC /* Test00008UITests.xctest */,
			);
			name = Products;
			sourceTree = "<group>";
		};
		8F061829204EC7A100FB1DBC /* Test00008 */ = {
			isa = PBXGroup;
			children = (
				8FF4B3462051210F005007B3 /* Networking */,
				8FAD6934204ECC8400E96A1A /* License */,
				8FE1288A204EC7FD00A8AE50 /* ViewControllers */,
				8F06182A204EC7A100FB1DBC /* AppDelegate.swift */,
				8F06182E204EC7A100FB1DBC /* Main.storyboard */,
				8F061831204EC7A100FB1DBC /* Assets.xcassets */,
				8F061833204EC7A100FB1DBC /* LaunchScreen.storyboard */,
				8F061836204EC7A100FB1DBC /* Info.plist */,
			);
			path = Test00008;
			sourceTree = "<group>";
		};
		8F06183E204EC7A100FB1DBC /* Test00008Tests */ = {
			isa = PBXGroup;
			children = (
				8F06183F204EC7A100FB1DBC /* Test00008Tests.swift */,
				8F061841204EC7A100FB1DBC /* Info.plist */,
			);
			path = Test00008Tests;
			sourceTree = "<group>";
		};
		8F061849204EC7A200FB1DBC /* Test00008UITests */ = {
			isa = PBXGroup;
			children = (
				8F06184A204EC7A200FB1DBC /* Test00008UITests.swift */,
				8F06184C204EC7A200FB1DBC /* Info.plist */,
			);
			path = Test00008UITests;
			sourceTree = "<group>";
		};
		8FAD6934204ECC8400E96A1A /* License */ = {
			isa = PBXGroup;
			children = (
				8FAD6935204ECC9D00E96A1A /* LICENSE */,
			);
			path = License;
			sourceTree = "<group>";
		};
		8FE1288A204EC7FD00A8AE50 /* ViewControllers */ = {
			isa = PBXGroup;
			children = (
				8FAD6932204ECB2E00E96A1A /* DBFilesPresenterViewController.swift */,
				8FE1288B204EC82E00A8AE50 /* DetailDBFileDownloaderViewController.swift */,
			);
			path = ViewControllers;
			sourceTree = "<group>";
		};
		8FF4B3462051210F005007B3 /* Networking */ = {
			isa = PBXGroup;
			children = (
				8FF4B3472051211C005007B3 /* MZDownloadManager.swift */,
				8FF4B3482051211C005007B3 /* MZDownloadModel.swift */,
				8FF4B3492051211C005007B3 /* MZUtility.swift */,
			);
			path = Networking;
			sourceTree = "<group>";
		};
/* End PBXGroup section */

/* Begin PBXNativeTarget section */
		8F061826204EC7A100FB1DBC /* Test00008 */ = {
			isa = PBXNativeTarget;
			buildConfigurationList = 8F06184F204EC7A200FB1DBC /* Build configuration list for PBXNativeTarget "Test00008" */;
			buildPhases = (
				8F061823204EC7A100FB1DBC /* Sources */,
				8F061824204EC7A100FB1DBC /* Frameworks */,
				8F061825204EC7A100FB1DBC /* Resources */,
			);
			buildRules = (
			);
			dependencies = (
			);
			name = Test00008;
			productName = Test00008;
			productReference = 8F061827204EC7A100FB1DBC /* Test00008.app */;
			productType = "com.apple.product-type.application";
		};
		8F06183A204EC7A100FB1DBC /* Test00008Tests */ = {
			isa = PBXNativeTarget;
			buildConfigurationList = 8F061852204EC7A200FB1DBC /* Build configuration list for PBXNativeTarget "Test00008Tests" */;
			buildPhases = (
				8F061837204EC7A100FB1DBC /* Sources */,
				8F061838204EC7A100FB1DBC /* Frameworks */,
				8F061839204EC7A100FB1DBC /* Resources */,
			);
			buildRules = (
			);
			dependencies = (
				8F06183D204EC7A100FB1DBC /* PBXTargetDependency */,
			);
			name = Test00008Tests;
			productName = Test00008Tests;
			productReference = 8F06183B204EC7A100FB1DBC /* Test00008Tests.xctest */;
			productType = "com.apple.product-type.bundle.unit-test";
		};
		8F061845204EC7A100FB1DBC /* Test00008UITests */ = {
			isa = PBXNativeTarget;
			buildConfigurationList = 8F061855204EC7A200FB1DBC /* Build configuration list for PBXNativeTarget "Test00008UITests" */;
			buildPhases = (
				8F061842204EC7A100FB1DBC /* Sources */,
				8F061843204EC7A100FB1DBC /* Frameworks */,
				8F061844204EC7A100FB1DBC /* Resources */,
			);
			buildRules = (
			);
			dependencies = (
				8F061848204EC7A100FB1DBC /* PBXTargetDependency */,
			);
			name = Test00008UITests;
			productName = Test00008UITests;
			productReference = 8F061846204EC7A100FB1DBC /* Test00008UITests.xctest */;
			productType = "com.apple.product-type.bundle.ui-testing";
		};
/* End PBXNativeTarget section */

/* Begin PBXProject section */
		8F06181F204EC7A100FB1DBC /* Project object */ = {
			isa = PBXProject;
			attributes = {
				LastSwiftUpdateCheck = 0920;
				LastUpgradeCheck = 0920;
				ORGANIZATIONNAME = "Ideen Kaffee Korner";
				TargetAttributes = {
					8F061826204EC7A100FB1DBC = {
						CreatedOnToolsVersion = 9.2;
						ProvisioningStyle = Automatic;
						SystemCapabilities = {
							com.apple.BackgroundModes = {
								enabled = 1;
							};
						};
					};
					8F06183A204EC7A100FB1DBC = {
						CreatedOnToolsVersion = 9.2;
						ProvisioningStyle = Automatic;
						TestTargetID = 8F061826204EC7A100FB1DBC;
					};
					8F061845204EC7A100FB1DBC = {
						CreatedOnToolsVersion = 9.2;
						ProvisioningStyle = Automatic;
						TestTargetID = 8F061826204EC7A100FB1DBC;
					};
				};
			};
			buildConfigurationList = 8F061822204EC7A100FB1DBC /* Build configuration list for PBXProject "Test00008" */;
			compatibilityVersion = "Xcode 8.0";
			developmentRegion = en;
			hasScannedForEncodings = 0;
			knownRegions = (
				en,
				Base,
			);
			mainGroup = 8F06181E204EC7A100FB1DBC;
			productRefGroup = 8F061828204EC7A100FB1DBC /* Products */;
			projectDirPath = "";
			projectRoot = "";
			targets = (
				8F061826204EC7A100FB1DBC /* Test00008 */,
				8F06183A204EC7A100FB1DBC /* Test00008Tests */,
				8F061845204EC7A100FB1DBC /* Test00008UITests */,
			);
		};
/* End PBXProject section */

/* Begin PBXResourcesBuildPhase section */
		8F061825204EC7A100FB1DBC /* Resources */ = {
			isa = PBXResourcesBuildPhase;
			buildActionMask = 2147483647;
			files = (
				8F061835204EC7A100FB1DBC /* LaunchScreen.storyboard in Resources */,
				8F061832204EC7A100FB1DBC /* Assets.xcassets in Resources */,
				8FAD6936204ECC9D00E96A1A /* LICENSE in Resources */,
				8F061830204EC7A100FB1DBC /* Main.storyboard in Resources */,
			);
			runOnlyForDeploymentPostprocessing = 0;
		};
		8F061839204EC7A100FB1DBC /* Resources */ = {
			isa = PBXResourcesBuildPhase;
			buildActionMask = 2147483647;
			files = (
			);
			runOnlyForDeploymentPostprocessing = 0;
		};
		8F061844204EC7A100FB1DBC /* Resources */ = {
			isa = PBXResourcesBuildPhase;
			buildActionMask = 2147483647;
			files = (
			);
			runOnlyForDeploymentPostprocessing = 0;
		};
/* End PBXResourcesBuildPhase section */

/* Begin PBXSourcesBuildPhase section */
		8F061823204EC7A100FB1DBC /* Sources */ = {
			isa = PBXSourcesBuildPhase;
			buildActionMask = 2147483647;
			files = (
				8FF4B34B2051211C005007B3 /* MZDownloadModel.swift in Sources */,
				8FF4B34A2051211C005007B3 /* MZDownloadManager.swift in Sources */,
				8FE1288D204EC82E00A8AE50 /* DetailDBFileDownloaderViewController.swift in Sources */,
				8FF4B34C2051211C005007B3 /* MZUtility.swift in Sources */,
				8FAD6933204ECB2E00E96A1A /* DBFilesPresenterViewController.swift in Sources */,
				8F06182B204EC7A100FB1DBC /* AppDelegate.swift in Sources */,
			);
			runOnlyForDeploymentPostprocessing = 0;
		};
		8F061837204EC7A100FB1DBC /* Sources */ = {
			isa = PBXSourcesBuildPhase;
			buildActionMask = 2147483647;
			files = (
				8F061840204EC7A100FB1DBC /* Test00008Tests.swift in Sources */,
			);
			runOnlyForDeploymentPostprocessing = 0;
		};
		8F061842204EC7A100FB1DBC /* Sources */ = {
			isa = PBXSourcesBuildPhase;
			buildActionMask = 2147483647;
			files = (
				8F06184B204EC7A200FB1DBC /* Test00008UITests.swift in Sources */,
			);
			runOnlyForDeploymentPostprocessing = 0;
		};
/* End PBXSourcesBuildPhase section */

/* Begin PBXTargetDependency section */
		8F06183D204EC7A100FB1DBC /* PBXTargetDependency */ = {
			isa = PBXTargetDependency;
			target = 8F061826204EC7A100FB1DBC /* Test00008 */;
			targetProxy = 8F06183C204EC7A100FB1DBC /* PBXContainerItemProxy */;
		};
		8F061848204EC7A100FB1DBC /* PBXTargetDependency */ = {
			isa = PBXTargetDependency;
			target = 8F061826204EC7A100FB1DBC /* Test00008 */;
			targetProxy = 8F061847204EC7A100FB1DBC /* PBXContainerItemProxy */;
		};
/* End PBXTargetDependency section */

/* Begin PBXVariantGroup section */
		8F06182E204EC7A100FB1DBC /* Main.storyboard */ = {
			isa = PBXVariantGroup;
			children = (
				8F06182F204EC7A100FB1DBC /* Base */,
			);
			name = Main.storyboard;
			sourceTree = "<group>";
		};
		8F061833204EC7A100FB1DBC /* LaunchScreen.storyboard */ = {
			isa = PBXVariantGroup;
			children = (
				8F061834204EC7A100FB1DBC /* Base */,
			);
			name = LaunchScreen.storyboard;
			sourceTree = "<group>";
		};
/* End PBXVariantGroup section */

/* Begin XCBuildConfiguration section */
		8F06184D204EC7A200FB1DBC /* Debug */ = {
			isa = XCBuildConfiguration;
			buildSettings = {
				ALWAYS_SEARCH_USER_PATHS = NO;
				CLANG_ANALYZER_NONNULL = YES;
				CLANG_ANALYZER_NUMBER_OBJECT_CONVERSION = YES_AGGRESSIVE;
				CLANG_CXX_LANGUAGE_STANDARD = "gnu++14";
				CLANG_CXX_LIBRARY = "libc++";
				CLANG_ENABLE_MODULES = YES;
				CLANG_ENABLE_OBJC_ARC = YES;
				CLANG_WARN_BLOCK_CAPTURE_AUTORELEASING = YES;
				CLANG_WARN_BOOL_CONVERSION = YES;
				CLANG_WARN_COMMA = YES;
				CLANG_WARN_CONSTANT_CONVERSION = YES;
				CLANG_WARN_DIRECT_OBJC_ISA_USAGE = YES_ERROR;
				CLANG_WARN_DOCUMENTATION_COMMENTS = YES;
				CLANG_WARN_EMPTY_BODY = YES;
				CLANG_WARN_ENUM_CONVERSION = YES;
				CLANG_WARN_INFINITE_RECURSION = YES;
				CLANG_WARN_INT_CONVERSION = YES;
				CLANG_WARN_NON_LITERAL_NULL_CONVERSION = YES;
				CLANG_WARN_OBJC_LITERAL_CONVERSION = YES;
				CLANG_WARN_OBJC_ROOT_CLASS = YES_ERROR;
				CLANG_WARN_RANGE_LOOP_ANALYSIS = YES;
				CLANG_WARN_STRICT_PROTOTYPES = YES;
				CLANG_WARN_SUSPICIOUS_MOVE = YES;
				CLANG_WARN_UNGUARDED_AVAILABILITY = YES_AGGRESSIVE;
				CLANG_WARN_UNREACHABLE_CODE = YES;
				CLANG_WARN__DUPLICATE_METHOD_MATCH = YES;
				CODE_SIGN_IDENTITY = "iPhone Developer";
				COPY_PHASE_STRIP = NO;
				DEBUG_INFORMATION_FORMAT = dwarf;
				ENABLE_STRICT_OBJC_MSGSEND = YES;
				ENABLE_TESTABILITY = YES;
				GCC_C_LANGUAGE_STANDARD = gnu11;
				GCC_DYNAMIC_NO_PIC = NO;
				GCC_NO_COMMON_BLOCKS = YES;
				GCC_OPTIMIZATION_LEVEL = 0;
				GCC_PREPROCESSOR_DEFINITIONS = (
					"DEBUG=1",
					"$(inherited)",
				);
				GCC_WARN_64_TO_32_BIT_CONVERSION = YES;
				GCC_WARN_ABOUT_RETURN_TYPE = YES_ERROR;
				GCC_WARN_UNDECLARED_SELECTOR = YES;
				GCC_WARN_UNINITIALIZED_AUTOS = YES_AGGRESSIVE;
				GCC_WARN_UNUSED_FUNCTION = YES;
				GCC_WARN_UNUSED_VARIABLE = YES;
				IPHONEOS_DEPLOYMENT_TARGET = 11.2;
				MTL_ENABLE_DEBUG_INFO = YES;
				ONLY_ACTIVE_ARCH = YES;
				SDKROOT = iphoneos;
				SWIFT_ACTIVE_COMPILATION_CONDITIONS = DEBUG;
				SWIFT_OPTIMIZATION_LEVEL = "-Onone";
			};
			name = Debug;
		};
		8F06184E204EC7A200FB1DBC /* Release */ = {
			isa = XCBuildConfiguration;
			buildSettings = {
				ALWAYS_SEARCH_USER_PATHS = NO;
				CLANG_ANALYZER_NONNULL = YES;
				CLANG_ANALYZER_NUMBER_OBJECT_CONVERSION = YES_AGGRESSIVE;
				CLANG_CXX_LANGUAGE_STANDARD = "gnu++14";
				CLANG_CXX_LIBRARY = "libc++";
				CLANG_ENABLE_MODULES = YES;
				CLANG_ENABLE_OBJC_ARC = YES;
				CLANG_WARN_BLOCK_CAPTURE_AUTORELEASING = YES;
				CLANG_WARN_BOOL_CONVERSION = YES;
				CLANG_WARN_COMMA = YES;
				CLANG_WARN_CONSTANT_CONVERSION = YES;
				CLANG_WARN_DIRECT_OBJC_ISA_USAGE = YES_ERROR;
				CLANG_WARN_DOCUMENTATION_COMMENTS = YES;
				CLANG_WARN_EMPTY_BODY = YES;
				CLANG_WARN_ENUM_CONVERSION = YES;
				CLANG_WARN_INFINITE_RECURSION = YES;
				CLANG_WARN_INT_CONVERSION = YES;
				CLANG_WARN_NON_LITERAL_NULL_CONVERSION = YES;
				CLANG_WARN_OBJC_LITERAL_CONVERSION = YES;
				CLANG_WARN_OBJC_ROOT_CLASS = YES_ERROR;
				CLANG_WARN_RANGE_LOOP_ANALYSIS = YES;
				CLANG_WARN_STRICT_PROTOTYPES = YES;
				CLANG_WARN_SUSPICIOUS_MOVE = YES;
				CLANG_WARN_UNGUARDED_AVAILABILITY = YES_AGGRESSIVE;
				CLANG_WARN_UNREACHABLE_CODE = YES;
				CLANG_WARN__DUPLICATE_METHOD_MATCH = YES;
				CODE_SIGN_IDENTITY = "iPhone Developer";
				COPY_PHASE_STRIP = NO;
				DEBUG_INFORMATION_FORMAT = "dwarf-with-dsym";
				ENABLE_NS_ASSERTIONS = NO;
				ENABLE_STRICT_OBJC_MSGSEND = YES;
				GCC_C_LANGUAGE_STANDARD = gnu11;
				GCC_NO_COMMON_BLOCKS = YES;
				GCC_WARN_64_TO_32_BIT_CONVERSION = YES;
				GCC_WARN_ABOUT_RETURN_TYPE = YES_ERROR;
				GCC_WARN_UNDECLARED_SELECTOR = YES;
				GCC_WARN_UNINITIALIZED_AUTOS = YES_AGGRESSIVE;
				GCC_WARN_UNUSED_FUNCTION = YES;
				GCC_WARN_UNUSED_VARIABLE = YES;
				IPHONEOS_DEPLOYMENT_TARGET = 11.2;
				MTL_ENABLE_DEBUG_INFO = NO;
				SDKROOT = iphoneos;
				SWIFT_OPTIMIZATION_LEVEL = "-Owholemodule";
				VALIDATE_PRODUCT = YES;
			};
			name = Release;
		};
		8F061850204EC7A200FB1DBC /* Debug */ = {
			isa = XCBuildConfiguration;
			buildSettings = {
				ASSETCATALOG_COMPILER_APPICON_NAME = AppIcon;
				CODE_SIGN_STYLE = Automatic;
				DEVELOPMENT_TEAM = L2LWLYYW3N;
				INFOPLIST_FILE = Test00008/Info.plist;
				LD_RUNPATH_SEARCH_PATHS = "$(inherited) @executable_path/Frameworks";
				PRODUCT_BUNDLE_IDENTIFIER = ch.ideenkaffee.Test00008;
				PRODUCT_NAME = "$(TARGET_NAME)";
				SWIFT_VERSION = 4.0;
				TARGETED_DEVICE_FAMILY = "1,2";
			};
			name = Debug;
		};
		8F061851204EC7A200FB1DBC /* Release */ = {
			isa = XCBuildConfiguration;
			buildSettings = {
				ASSETCATALOG_COMPILER_APPICON_NAME = AppIcon;
				CODE_SIGN_STYLE = Automatic;
				DEVELOPMENT_TEAM = L2LWLYYW3N;
				INFOPLIST_FILE = Test00008/Info.plist;
				LD_RUNPATH_SEARCH_PATHS = "$(inherited) @executable_path/Frameworks";
				PRODUCT_BUNDLE_IDENTIFIER = ch.ideenkaffee.Test00008;
				PRODUCT_NAME = "$(TARGET_NAME)";
				SWIFT_VERSION = 4.0;
				TARGETED_DEVICE_FAMILY = "1,2";
			};
			name = Release;
		};
		8F061853204EC7A200FB1DBC /* Debug */ = {
			isa = XCBuildConfiguration;
			buildSettings = {
				ALWAYS_EMBED_SWIFT_STANDARD_LIBRARIES = "$(inherited)";
				BUNDLE_LOADER = "$(TEST_HOST)";
				CODE_SIGN_STYLE = Automatic;
				DEVELOPMENT_TEAM = L2LWLYYW3N;
				INFOPLIST_FILE = Test00008Tests/Info.plist;
				LD_RUNPATH_SEARCH_PATHS = "$(inherited) @executable_path/Frameworks @loader_path/Frameworks";
				PRODUCT_BUNDLE_IDENTIFIER = ch.ideenkaffee.Test00008Tests;
				PRODUCT_NAME = "$(TARGET_NAME)";
				SWIFT_VERSION = 4.0;
				TARGETED_DEVICE_FAMILY = "1,2";
				TEST_HOST = "$(BUILT_PRODUCTS_DIR)/Test00008.app/Test00008";
			};
			name = Debug;
		};
		8F061854204EC7A200FB1DBC /* Release */ = {
			isa = XCBuildConfiguration;
			buildSettings = {
				ALWAYS_EMBED_SWIFT_STANDARD_LIBRARIES = "$(inherited)";
				BUNDLE_LOADER = "$(TEST_HOST)";
				CODE_SIGN_STYLE = Automatic;
				DEVELOPMENT_TEAM = L2LWLYYW3N;
				INFOPLIST_FILE = Test00008Tests/Info.plist;
				LD_RUNPATH_SEARCH_PATHS = "$(inherited) @executable_path/Frameworks @loader_path/Frameworks";
				PRODUCT_BUNDLE_IDENTIFIER = ch.ideenkaffee.Test00008Tests;
				PRODUCT_NAME = "$(TARGET_NAME)";
				SWIFT_VERSION = 4.0;
				TARGETED_DEVICE_FAMILY = "1,2";
				TEST_HOST = "$(BUILT_PRODUCTS_DIR)/Test00008.app/Test00008";
			};
			name = Release;
		};
		8F061856204EC7A200FB1DBC /* Debug */ = {
			isa = XCBuildConfiguration;
			buildSettings = {
				ALWAYS_EMBED_SWIFT_STANDARD_LIBRARIES = "$(inherited)";
				CODE_SIGN_STYLE = Automatic;
				DEVELOPMENT_TEAM = L2LWLYYW3N;
				INFOPLIST_FILE = Test00008UITests/Info.plist;
				LD_RUNPATH_SEARCH_PATHS = "$(inherited) @executable_path/Frameworks @loader_path/Frameworks";
				PRODUCT_BUNDLE_IDENTIFIER = ch.ideenkaffee.Test00008UITests;
				PRODUCT_NAME = "$(TARGET_NAME)";
				SWIFT_VERSION = 4.0;
				TARGETED_DEVICE_FAMILY = "1,2";
				TEST_TARGET_NAME = Test00008;
			};
			name = Debug;
		};
		8F061857204EC7A200FB1DBC /* Release */ = {
			isa = XCBuildConfiguration;
			buildSettings = {
				ALWAYS_EMBED_SWIFT_STANDARD_LIBRARIES = "$(inherited)";
				CODE_SIGN_STYLE = Automatic;
				DEVELOPMENT_TEAM = L2LWLYYW3N;
				INFOPLIST_FILE = Test00008UITests/Info.plist;
				LD_RUNPATH_SEARCH_PATHS = "$(inherited) @executable_path/Frameworks @loader_path/Frameworks";
				PRODUCT_BUNDLE_IDENTIFIER = ch.ideenkaffee.Test00008UITests;
				PRODUCT_NAME = "$(TARGET_NAME)";
				SWIFT_VERSION = 4.0;
				TARGETED_DEVICE_FAMILY = "1,2";
				TEST_TARGET_NAME = Test00008;
			};
			name = Release;
		};
/* End XCBuildConfiguration section */

/* Begin XCConfigurationList section */
		8F061822204EC7A100FB1DBC /* Build configuration list for PBXProject "Test00008" */ = {
			isa = XCConfigurationList;
			buildConfigurations = (
				8F06184D204EC7A200FB1DBC /* Debug */,
				8F06184E204EC7A200FB1DBC /* Release */,
			);
			defaultConfigurationIsVisible = 0;
			defaultConfigurationName = Release;
		};
		8F06184F204EC7A200FB1DBC /* Build configuration list for PBXNativeTarget "Test00008" */ = {
			isa = XCConfigurationList;
			buildConfigurations = (
				8F061850204EC7A200FB1DBC /* Debug */,
				8F061851204EC7A200FB1DBC /* Release */,
			);
			defaultConfigurationIsVisible = 0;
			defaultConfigurationName = Release;
		};
		8F061852204EC7A200FB1DBC /* Build configuration list for PBXNativeTarget "Test00008Tests" */ = {
			isa = XCConfigurationList;
			buildConfigurations = (
				8F061853204EC7A200FB1DBC /* Debug */,
				8F061854204EC7A200FB1DBC /* Release */,
			);
			defaultConfigurationIsVisible = 0;
			defaultConfigurationName = Release;
		};
		8F061855204EC7A200FB1DBC /* Build configuration list for PBXNativeTarget "Test00008UITests" */ = {
			isa = XCConfigurationList;
			buildConfigurations = (
				8F061856204EC7A200FB1DBC /* Debug */,
				8F061857204EC7A200FB1DBC /* Release */,
			);
			defaultConfigurationIsVisible = 0;
			defaultConfigurationName = Release;
		};
/* End XCConfigurationList section */
	};
	rootObject = 8F06181F204EC7A100FB1DBC /* Project object */;
}
